
Microsoft Visual Studio Solution File, Format Version 12.00
# Visual Studio Version 16
VisualStudioVersion = 16.0.33529.622
MinimumVisualStudioVersion = 10.0.40219.1
Project("{F184B08F-C81C-45F6-A57F-5ABD9991F28F}") = "miPrimerPrograma", "miPrimerPrograma\miPrimerPrograma.vbproj", "{C426CEB8-93B9-471A-8C5E-2FEFD35E438C}"
EndProject
Global
	GlobalSection(SolutionConfigurationPlatforms) = preSolution
		Debug|Any CPU = Debug|Any CPU
		Release|Any CPU = Release|Any CPU
	EndGlobalSection
	GlobalSection(ProjectConfigurationPlatforms) = postSolution
		{C426CEB8-93B9-471A-8C5E-2FEFD35E438C}.Debug|Any CPU.ActiveCfg = Debug|Any CPU
		{C426CEB8-93B9-471A-8C5E-2FEFD35E438C}.Debug|Any CPU.Build.0 = Debug|Any CPU
		{C426CEB8-93B9-471A-8C5E-2FEFD35E438C}.Release|Any CPU.ActiveCfg = Release|Any CPU
		{C426CEB8-93B9-471A-8C5E-2FEFD35E438C}.Release|Any CPU.Build.0 = Release|Any CPU
	EndGlobalSection
	GlobalSection(SolutionProperties) = preSolution
		HideSolutionNode = FALSE
	EndGlobalSection
	GlobalSection(ExtensibilityGlobals) = postSolution
		SolutionGuid = {49AA5B01-D2CC-4526-B9AE-111ECCB2182C}
	EndGlobalSection
EndGlobal
